
Microsoft Visual Studio Solution File, Format Version 12.00
# Visual Studio Version 17
VisualStudioVersion = 17.4.33213.308
MinimumVisualStudioVersion = 10.0.40219.1
Project("{2150E333-8FDC-42A3-9474-1A3956D46DE8}") = "Source", "Source", "{DD7BD75C-CFEF-4DD0-8541-34D37E98D7CA}"
EndProject
Project("{9A19103F-16F7-4668-BE54-9A1E7A4F7556}") = "Pantec.E3Proxy", "Source\Pantec.E3Proxy.csproj", "{9C9879C7-4FD3-42F3-84F6-63D952D78CA8}"
EndProject
Global
	GlobalSection(SolutionConfigurationPlatforms) = preSolution
		Debug|Any CPU = Debug|Any CPU
		Release|Any CPU = Release|Any CPU
	EndGlobalSection
	GlobalSection(ProjectConfigurationPlatforms) = postSolution
		{9C9879C7-4FD3-42F3-84F6-63D952D78CA8}.Debug|Any CPU.ActiveCfg = Debug|Any CPU
		{9C9879C7-4FD3-42F3-84F6-63D952D78CA8}.Debug|Any CPU.Build.0 = Debug|Any CPU
		{9C9879C7-4FD3-42F3-84F6-63D952D78CA8}.Release|Any CPU.ActiveCfg = Release|Any CPU
		{9C9879C7-4FD3-42F3-84F6-63D952D78CA8}.Release|Any CPU.Build.0 = Release|Any CPU
	EndGlobalSection
	GlobalSection(SolutionProperties) = preSolution
		HideSolutionNode = FALSE
	EndGlobalSection
	GlobalSection(NestedProjects) = preSolution
		{9C9879C7-4FD3-42F3-84F6-63D952D78CA8} = {DD7BD75C-CFEF-4DD0-8541-34D37E98D7CA}
	EndGlobalSection
	GlobalSection(ExtensibilityGlobals) = postSolution
		SolutionGuid = {99B120FA-EE73-4158-B299-DE875F697B60}
	EndGlobalSection
EndGlobal
